
Microsoft Visual Studio Solution File, Format Version 12.00
# Visual Studio Version 17
VisualStudioVersion = 17.11.35222.181
MinimumVisualStudioVersion = 10.0.40219.1
Project("{FAE04EC0-301F-11D3-BF4B-00C04F79EFBC}") = "Proyectyo_Veterinaria", "t2_Veterinaria\Proyectyo_Veterinaria.csproj", "{224E2513-F99F-4D27-B3A4-91CCDF49EBD4}"
EndProject
Global
	GlobalSection(SolutionConfigurationPlatforms) = preSolution
		Debug|Any CPU = Debug|Any CPU
		Release|Any CPU = Release|Any CPU
	EndGlobalSection
	GlobalSection(ProjectConfigurationPlatforms) = postSolution
		{224E2513-F99F-4D27-B3A4-91CCDF49EBD4}.Debug|Any CPU.ActiveCfg = Debug|Any CPU
		{224E2513-F99F-4D27-B3A4-91CCDF49EBD4}.Debug|Any CPU.Build.0 = Debug|Any CPU
		{224E2513-F99F-4D27-B3A4-91CCDF49EBD4}.Release|Any CPU.ActiveCfg = Release|Any CPU
		{224E2513-F99F-4D27-B3A4-91CCDF49EBD4}.Release|Any CPU.Build.0 = Release|Any CPU
	EndGlobalSection
	GlobalSection(SolutionProperties) = preSolution
		HideSolutionNode = FALSE
	EndGlobalSection
	GlobalSection(ExtensibilityGlobals) = postSolution
		SolutionGuid = {39403316-AD76-4779-8EB5-13670AE1FCE3}
	EndGlobalSection
EndGlobal
